
Microsoft Visual Studio Solution File, Format Version 12.00
# Visual Studio 15
VisualStudioVersion = 15.0.28307.572
MinimumVisualStudioVersion = 10.0.40219.1
Project("{FAE04EC0-301F-11D3-BF4B-00C04F79EFBC}") = "LibraryManagement", "LibraryManagement\LibraryManagement.csproj", "{22B3795B-A07D-49BB-99DE-D650CC4FCE9E}"
EndProject
Global
	GlobalSection(SolutionConfigurationPlatforms) = preSolution
		Debug|Any CPU = Debug|Any CPU
		Release|Any CPU = Release|Any CPU
	EndGlobalSection
	GlobalSection(ProjectConfigurationPlatforms) = postSolution
		{22B3795B-A07D-49BB-99DE-D650CC4FCE9E}.Debug|Any CPU.ActiveCfg = Debug|Any CPU
		{22B3795B-A07D-49BB-99DE-D650CC4FCE9E}.Debug|Any CPU.Build.0 = Debug|Any CPU
		{22B3795B-A07D-49BB-99DE-D650CC4FCE9E}.Release|Any CPU.ActiveCfg = Release|Any CPU
		{22B3795B-A07D-49BB-99DE-D650CC4FCE9E}.Release|Any CPU.Build.0 = Release|Any CPU
	EndGlobalSection
	GlobalSection(SolutionProperties) = preSolution
		HideSolutionNode = FALSE
	EndGlobalSection
	GlobalSection(ExtensibilityGlobals) = postSolution
		SolutionGuid = {59DAE9E8-9F05-4168-93E4-D6CF5BD568A1}
	EndGlobalSection
EndGlobal
